
Microsoft Visual Studio Solution File, Format Version 12.00
# Visual Studio Version 17
VisualStudioVersion = 17.14.36301.6
MinimumVisualStudioVersion = 10.0.40219.1
Project("{FAE04EC0-301F-11D3-BF4B-00C04F79EFBC}") = "LiveOpsTest", "src\LiveOpsTest.csproj", "{82B2CCC4-25A4-4007-B8AB-7011C5F24615}"
EndProject
Project("{2150E333-8FDC-42A3-9474-1A3956D46DE8}") = "tests", "tests", "{0AB3BF05-4346-4AA6-1389-037BE0695223}"
EndProject
Project("{FAE04EC0-301F-11D3-BF4B-00C04F79EFBC}") = "LiveOpsTest.Tests", "tests\LiveOpsTest.Tests.csproj", "{D91203C8-40A8-472F-A5B8-4C3797934A25}"
EndProject
Global
	GlobalSection(SolutionConfigurationPlatforms) = preSolution
		Debug|Any CPU = Debug|Any CPU
		Debug|x64 = Debug|x64
		Debug|x86 = Debug|x86
		Release|Any CPU = Release|Any CPU
		Release|x64 = Release|x64
		Release|x86 = Release|x86
	EndGlobalSection
	GlobalSection(ProjectConfigurationPlatforms) = postSolution
		{82B2CCC4-25A4-4007-B8AB-7011C5F24615}.Debug|Any CPU.ActiveCfg = Debug|Any CPU
		{82B2CCC4-25A4-4007-B8AB-7011C5F24615}.Debug|Any CPU.Build.0 = Debug|Any CPU
		{82B2CCC4-25A4-4007-B8AB-7011C5F24615}.Debug|x64.ActiveCfg = Debug|Any CPU
		{82B2CCC4-25A4-4007-B8AB-7011C5F24615}.Debug|x64.Build.0 = Debug|Any CPU
		{82B2CCC4-25A4-4007-B8AB-7011C5F24615}.Debug|x86.ActiveCfg = Debug|Any CPU
		{82B2CCC4-25A4-4007-B8AB-7011C5F24615}.Debug|x86.Build.0 = Debug|Any CPU
		{82B2CCC4-25A4-4007-B8AB-7011C5F24615}.Release|Any CPU.ActiveCfg = Release|Any CPU
		{82B2CCC4-25A4-4007-B8AB-7011C5F24615}.Release|Any CPU.Build.0 = Release|Any CPU
		{82B2CCC4-25A4-4007-B8AB-7011C5F24615}.Release|x64.ActiveCfg = Release|Any CPU
		{82B2CCC4-25A4-4007-B8AB-7011C5F24615}.Release|x64.Build.0 = Release|Any CPU
		{82B2CCC4-25A4-4007-B8AB-7011C5F24615}.Release|x86.ActiveCfg = Release|Any CPU
		{82B2CCC4-25A4-4007-B8AB-7011C5F24615}.Release|x86.Build.0 = Release|Any CPU
		{D91203C8-40A8-472F-A5B8-4C3797934A25}.Debug|Any CPU.ActiveCfg = Debug|Any CPU
		{D91203C8-40A8-472F-A5B8-4C3797934A25}.Debug|Any CPU.Build.0 = Debug|Any CPU
		{D91203C8-40A8-472F-A5B8-4C3797934A25}.Debug|x64.ActiveCfg = Debug|Any CPU
		{D91203C8-40A8-472F-A5B8-4C3797934A25}.Debug|x64.Build.0 = Debug|Any CPU
		{D91203C8-40A8-472F-A5B8-4C3797934A25}.Debug|x86.ActiveCfg = Debug|Any CPU
		{D91203C8-40A8-472F-A5B8-4C3797934A25}.Debug|x86.Build.0 = Debug|Any CPU
		{D91203C8-40A8-472F-A5B8-4C3797934A25}.Release|Any CPU.ActiveCfg = Release|Any CPU
		{D91203C8-40A8-472F-A5B8-4C3797934A25}.Release|Any CPU.Build.0 = Release|Any CPU
		{D91203C8-40A8-472F-A5B8-4C3797934A25}.Release|x64.ActiveCfg = Release|Any CPU
		{D91203C8-40A8-472F-A5B8-4C3797934A25}.Release|x64.Build.0 = Release|Any CPU
		{D91203C8-40A8-472F-A5B8-4C3797934A25}.Release|x86.ActiveCfg = Release|Any CPU
		{D91203C8-40A8-472F-A5B8-4C3797934A25}.Release|x86.Build.0 = Release|Any CPU
	EndGlobalSection
	GlobalSection(SolutionProperties) = preSolution
		HideSolutionNode = FALSE
	EndGlobalSection
	GlobalSection(NestedProjects) = preSolution
		{D91203C8-40A8-472F-A5B8-4C3797934A25} = {0AB3BF05-4346-4AA6-1389-037BE0695223}
	EndGlobalSection
	GlobalSection(ExtensibilityGlobals) = postSolution
		SolutionGuid = {C01A3F58-56DC-435D-B2F4-300030403234}
	EndGlobalSection
EndGlobal
